
Microsoft Visual Studio Solution File, Format Version 12.00
# Visual Studio Version 17
VisualStudioVersion = 17.4.33213.308
MinimumVisualStudioVersion = 10.0.40219.1
Project("{9A19103F-16F7-4668-BE54-9A1E7A4F7556}") = "RPiDefender", "RPiDefender\RPiDefender.csproj", "{43885DB4-8300-47CB-815C-44C4FAAC9F24}"
EndProject
Global
	GlobalSection(SolutionConfigurationPlatforms) = preSolution
		Debug|Any CPU = Debug|Any CPU
		Debug|ARM64 = Debug|ARM64
		Debug|x64 = Debug|x64
		Release|Any CPU = Release|Any CPU
		Release|ARM64 = Release|ARM64
		Release|x64 = Release|x64
	EndGlobalSection
	GlobalSection(ProjectConfigurationPlatforms) = postSolution
		{43885DB4-8300-47CB-815C-44C4FAAC9F24}.Debug|Any CPU.ActiveCfg = Debug|Any CPU
		{43885DB4-8300-47CB-815C-44C4FAAC9F24}.Debug|Any CPU.Build.0 = Debug|Any CPU
		{43885DB4-8300-47CB-815C-44C4FAAC9F24}.Debug|ARM64.ActiveCfg = Debug|ARM64
		{43885DB4-8300-47CB-815C-44C4FAAC9F24}.Debug|ARM64.Build.0 = Debug|ARM64
		{43885DB4-8300-47CB-815C-44C4FAAC9F24}.Debug|x64.ActiveCfg = Debug|x64
		{43885DB4-8300-47CB-815C-44C4FAAC9F24}.Debug|x64.Build.0 = Debug|x64
		{43885DB4-8300-47CB-815C-44C4FAAC9F24}.Release|Any CPU.ActiveCfg = Release|Any CPU
		{43885DB4-8300-47CB-815C-44C4FAAC9F24}.Release|Any CPU.Build.0 = Release|Any CPU
		{43885DB4-8300-47CB-815C-44C4FAAC9F24}.Release|ARM64.ActiveCfg = Release|ARM64
		{43885DB4-8300-47CB-815C-44C4FAAC9F24}.Release|ARM64.Build.0 = Release|ARM64
		{43885DB4-8300-47CB-815C-44C4FAAC9F24}.Release|x64.ActiveCfg = Release|x64
		{43885DB4-8300-47CB-815C-44C4FAAC9F24}.Release|x64.Build.0 = Release|x64
	EndGlobalSection
	GlobalSection(SolutionProperties) = preSolution
		HideSolutionNode = FALSE
	EndGlobalSection
	GlobalSection(ExtensibilityGlobals) = postSolution
		SolutionGuid = {3E4E02FF-7552-4C28-BEC8-4880772EF72E}
	EndGlobalSection
EndGlobal
